# generated by rye
# use `rye lock` or `rye sync` to update this lockfile
#
# last locked with the following flags:
#   pre: false
#   features: []
#   all-features: false
#   with-sources: false
#   generate-hashes: false
#   universal: false

-e file:.
absl-py==2.1.0
    # via keras
    # via tensorboard
    # via tensorflow
astunparse==1.6.3
    # via tensorflow
beautifulsoup4==4.12.3
    # via gdown
certifi==2024.8.30
    # via requests
charset-normalizer==3.4.0
    # via requests
click==8.1.7
    # via nltk
filelock==3.16.1
    # via gdown
    # via torch
    # via triton
flatbuffers==24.3.25
    # via tensorflow
fsspec==2024.10.0
    # via torch
gast==0.6.0
    # via tensorflow
gdown==5.2.0
    # via multimodal-ml
google-pasta==0.2.0
    # via tensorflow
grpcio==1.68.1
    # via tensorboard
    # via tensorflow
h5py==3.12.1
    # via keras
    # via tensorflow
idna==3.10
    # via requests
jinja2==3.1.4
    # via torch
joblib==1.4.2
    # via multimodal-ml
    # via nltk
    # via scikit-learn
keras==3.7.0
    # via tensorflow
libclang==18.1.1
    # via tensorflow
markdown==3.7
    # via tensorboard
markdown-it-py==3.0.0
    # via rich
markupsafe==3.0.2
    # via jinja2
    # via werkzeug
mdurl==0.1.2
    # via markdown-it-py
ml-dtypes==0.4.1
    # via keras
    # via tensorflow
mpmath==1.3.0
    # via sympy
namex==0.0.8
    # via keras
networkx==3.4.2
    # via torch
nltk==3.9.1
    # via multimodal-ml
numpy==2.0.2
    # via h5py
    # via keras
    # via ml-dtypes
    # via pandas
    # via scikit-learn
    # via scipy
    # via tensorboard
    # via tensorflow
    # via torchvision
nvidia-cublas-cu12==12.4.5.8
    # via nvidia-cudnn-cu12
    # via nvidia-cusolver-cu12
    # via torch
nvidia-cuda-cupti-cu12==12.4.127
    # via torch
nvidia-cuda-nvrtc-cu12==12.4.127
    # via torch
nvidia-cuda-runtime-cu12==12.4.127
    # via torch
nvidia-cudnn-cu12==9.1.0.70
    # via torch
nvidia-cufft-cu12==11.2.1.3
    # via torch
nvidia-curand-cu12==10.3.5.147
    # via torch
nvidia-cusolver-cu12==11.6.1.9
    # via torch
nvidia-cusparse-cu12==12.3.1.170
    # via nvidia-cusolver-cu12
    # via torch
nvidia-nccl-cu12==2.21.5
    # via torch
nvidia-nvjitlink-cu12==12.4.127
    # via nvidia-cusolver-cu12
    # via nvidia-cusparse-cu12
    # via torch
nvidia-nvtx-cu12==12.4.127
    # via torch
opt-einsum==3.4.0
    # via tensorflow
optree==0.13.1
    # via keras
packaging==24.2
    # via keras
    # via tensorboard
    # via tensorflow
pandas==2.2.3
    # via multimodal-ml
pillow==11.0.0
    # via multimodal-ml
    # via torchvision
protobuf==5.29.1
    # via tensorboard
    # via tensorflow
pygments==2.18.0
    # via rich
pysocks==1.7.1
    # via requests
python-dateutil==2.9.0.post0
    # via pandas
pytz==2024.2
    # via pandas
regex==2024.11.6
    # via nltk
requests==2.32.3
    # via gdown
    # via tensorflow
rich==13.9.4
    # via keras
scikit-learn==1.5.2
    # via multimodal-ml
scipy==1.14.1
    # via scikit-learn
setuptools==75.6.0
    # via tensorboard
    # via tensorflow
    # via torch
six==1.17.0
    # via astunparse
    # via google-pasta
    # via python-dateutil
    # via tensorboard
    # via tensorflow
soupsieve==2.6
    # via beautifulsoup4
sympy==1.13.1
    # via torch
tensorboard==2.18.0
    # via tensorflow
tensorboard-data-server==0.7.2
    # via tensorboard
tensorflow==2.18.0
    # via multimodal-ml
termcolor==2.5.0
    # via tensorflow
threadpoolctl==3.5.0
    # via scikit-learn
torch==2.5.1
    # via multimodal-ml
    # via torchvision
torchvision==0.20.1
    # via multimodal-ml
tqdm==4.67.1
    # via gdown
    # via nltk
triton==3.1.0
    # via torch
typing-extensions==4.12.2
    # via optree
    # via tensorflow
    # via torch
tzdata==2024.2
    # via pandas
urllib3==2.2.3
    # via requests
werkzeug==3.1.3
    # via tensorboard
wheel==0.45.1
    # via astunparse
wrapt==1.17.0
    # via tensorflow
